
Microsoft Visual Studio Solution File, Format Version 12.00
# Visual Studio 15
VisualStudioVersion = 15.0.27428.2005
MinimumVisualStudioVersion = 10.0.40219.1
Project("{FAE04EC0-301F-11D3-BF4B-00C04F79EFBC}") = "CurExample", "CurExample\CurExample.csproj", "{B1B04A2B-45BA-461E-9C3A-1B4CA7AC40F2}"
EndProject
Project("{FAE04EC0-301F-11D3-BF4B-00C04F79EFBC}") = "Entity", "Entity\Entity.csproj", "{6CC27634-0A94-4EC6-ACD8-F622B5AA59C1}"
EndProject
Global
	GlobalSection(SolutionConfigurationPlatforms) = preSolution
		Debug|Any CPU = Debug|Any CPU
		Release|Any CPU = Release|Any CPU
	EndGlobalSection
	GlobalSection(ProjectConfigurationPlatforms) = postSolution
		{B1B04A2B-45BA-461E-9C3A-1B4CA7AC40F2}.Debug|Any CPU.ActiveCfg = Debug|Any CPU
		{B1B04A2B-45BA-461E-9C3A-1B4CA7AC40F2}.Debug|Any CPU.Build.0 = Debug|Any CPU
		{B1B04A2B-45BA-461E-9C3A-1B4CA7AC40F2}.Release|Any CPU.ActiveCfg = Release|Any CPU
		{B1B04A2B-45BA-461E-9C3A-1B4CA7AC40F2}.Release|Any CPU.Build.0 = Release|Any CPU
		{6CC27634-0A94-4EC6-ACD8-F622B5AA59C1}.Debug|Any CPU.ActiveCfg = Debug|Any CPU
		{6CC27634-0A94-4EC6-ACD8-F622B5AA59C1}.Debug|Any CPU.Build.0 = Debug|Any CPU
		{6CC27634-0A94-4EC6-ACD8-F622B5AA59C1}.Release|Any CPU.ActiveCfg = Release|Any CPU
		{6CC27634-0A94-4EC6-ACD8-F622B5AA59C1}.Release|Any CPU.Build.0 = Release|Any CPU
	EndGlobalSection
	GlobalSection(SolutionProperties) = preSolution
		HideSolutionNode = FALSE
	EndGlobalSection
	GlobalSection(ExtensibilityGlobals) = postSolution
		SolutionGuid = {FA0A0BB3-73A5-425C-A085-E4ABF0026A13}
	EndGlobalSection
EndGlobal
